GEM
  remote: https://rubygems.org/
  specs:
    base64 (0.3.0)
    concurrent-ruby (1.3.5)
    cri (2.15.12)
    cyberarm_engine (0.24.5)
      gosu (~> 1.1)
    digest-crc (0.7.0)
      rake (>= 12.0.0, < 14.0.0)
    event_emitter (0.2.6)
    excon (1.3.2)
      logger
    ffi (1.17.0)
    ffi-win32-extensions (1.1.0)
      ffi (>= 1.15.5, <= 1.17.0)
    fiddle (1.1.8)
    gosu (1.4.6)
    i18n (1.14.7)
      concurrent-ruby (~> 1.0)
    ircparser (1.0.0)
    libui (0.2.0-x64-mingw-ucrt)
      fiddle
    logger (1.7.0)
    mutex_m (0.3.0)
    ocran (1.3.17)
      fiddle (~> 1.0)
    rake (13.3.1)
    releasy (0.2.4)
      bundler (>= 1.2.1)
      cri (~> 2.15.0)
      ocran (~> 1.3.0)
      rake (>= 0.9.2.2)
    rexml (3.4.4)
    rubyzip (3.2.2)
    sdl2-bindings (0.2.3)
      ffi (~> 1.15)
    websocket (1.2.11)
    websocket-client-simple (0.9.0)
      base64
      event_emitter
      mutex_m
      websocket
    win32-process (0.10.0)
      ffi (>= 1.0.0)
    win32-security (0.5.0)
      ffi
      ffi-win32-extensions

PLATFORMS
  x64-mingw-ucrt

DEPENDENCIES
  base64
  bundler (~> 2.4.3)
  cyberarm_engine
  digest-crc
  excon
  i18n
  ircparser
  libui
  ocran
  rake
  releasy
  rexml
  rubyzip
  sdl2-bindings
  websocket-client-simple
  win32-process
  win32-security

BUNDLED WITH
   2.4.22
